
Microsoft Visual Studio Solution File, Format Version 12.00
# Visual Studio Version 17
VisualStudioVersion = 17.4.33205.214
MinimumVisualStudioVersion = 10.0.40219.1
Project("{FAE04EC0-301F-11D3-BF4B-00C04F79EFBC}") = "challenge-20220626", "challenge-20220626.csproj", "{02CD63B2-97D1-45D1-B40D-F9FC094E2FFD}"
EndProject
Global
	GlobalSection(SolutionConfigurationPlatforms) = preSolution
		Debug|Any CPU = Debug|Any CPU
		Release|Any CPU = Release|Any CPU
	EndGlobalSection
	GlobalSection(ProjectConfigurationPlatforms) = postSolution
		{02CD63B2-97D1-45D1-B40D-F9FC094E2FFD}.Debug|Any CPU.ActiveCfg = Debug|Any CPU
		{02CD63B2-97D1-45D1-B40D-F9FC094E2FFD}.Debug|Any CPU.Build.0 = Debug|Any CPU
		{02CD63B2-97D1-45D1-B40D-F9FC094E2FFD}.Release|Any CPU.ActiveCfg = Release|Any CPU
		{02CD63B2-97D1-45D1-B40D-F9FC094E2FFD}.Release|Any CPU.Build.0 = Release|Any CPU
	EndGlobalSection
	GlobalSection(SolutionProperties) = preSolution
		HideSolutionNode = FALSE
	EndGlobalSection
	GlobalSection(ExtensibilityGlobals) = postSolution
		SolutionGuid = {722E713B-3CB3-44AB-8B5C-F9B2F15BBA89}
	EndGlobalSection
EndGlobal
